
Microsoft Visual Studio Solution File, Format Version 11.00
# Visual Studio 2010
Project("{8BC9CEB8-8B4A-11D0-8D11-00A0C91BC942}") = "35.fileVis", "fileVis.vcxproj", "{E71B6F18-10DC-4101-A541-F6D33F71B2BD}"
EndProject
Global
	GlobalSection(SolutionConfigurationPlatforms) = preSolution
		Debug|Win32 = Debug|Win32
		Release|Win32 = Release|Win32
	EndGlobalSection
	GlobalSection(ProjectConfigurationPlatforms) = postSolution
		{E71B6F18-10DC-4101-A541-F6D33F71B2BD}.Debug|Win32.ActiveCfg = Debug|Win32
		{E71B6F18-10DC-4101-A541-F6D33F71B2BD}.Debug|Win32.Build.0 = Debug|Win32
		{E71B6F18-10DC-4101-A541-F6D33F71B2BD}.Release|Win32.ActiveCfg = Release|Win32
		{E71B6F18-10DC-4101-A541-F6D33F71B2BD}.Release|Win32.Build.0 = Release|Win32
	EndGlobalSection
	GlobalSection(SolutionProperties) = preSolution
		HideSolutionNode = FALSE
	EndGlobalSection
EndGlobal
